Microsoft Visual Studio Solution File, Format Version 11.00
# Visual Studio 2008

Project("{F9F14997-1932-B7CD-6DBF-5EB1C8961105}") = "localProjects_exercise", "Assembly-CSharp.csproj", "{0FE31F25-3B48-454A-B365-169FBF46C084}"
EndProject
Global
	GlobalSection(SolutionConfigurationPlatforms) = preSolution
		Debug|Any CPU = Debug|Any CPU
		Release|Any CPU = Release|Any CPU
	EndGlobalSection
	GlobalSection(ProjectConfigurationPlatforms) = postSolution
		{0FE31F25-3B48-454A-B365-169FBF46C084}.Debug|Any CPU.ActiveCfg = Debug|Any CPU
		{0FE31F25-3B48-454A-B365-169FBF46C084}.Debug|Any CPU.Build.0 = Debug|Any CPU
		{0FE31F25-3B48-454A-B365-169FBF46C084}.Release|Any CPU.ActiveCfg = Release|Any CPU
		{0FE31F25-3B48-454A-B365-169FBF46C084}.Release|Any CPU.Build.0 = Release|Any CPU
	EndGlobalSection
	GlobalSection(SolutionProperties) = preSolution
		HideSolutionNode = FALSE
	EndGlobalSection
	GlobalSection(MonoDevelopProperties) = preSolution
		StartupItem = Assembly-CSharp.csproj
	EndGlobalSection
EndGlobal
